
Microsoft Visual Studio Solution File, Format Version 12.00
# Visual Studio Version 17
VisualStudioVersion = 17.1.32421.90
MinimumVisualStudioVersion = 10.0.40219.1
Project("{9A19103F-16F7-4668-BE54-9A1E7A4F7556}") = "DotNetMinimalAPIDemo", "DotNetMinimalAPIDemo.csproj", "{B04566D6-7822-41F7-BA29-B5CF594E72E8}"
EndProject
Project("{FAE04EC0-301F-11D3-BF4B-00C04F79EFBC}") = "DotNetMinimalAPIDemo.Functions", "..\DotNetMinimalAPIDemo.Functions\DotNetMinimalAPIDemo.Functions.csproj", "{AAA640CC-D9FA-4B95-ABDA-ACB1D503BB2F}"
EndProject
Global
	GlobalSection(SolutionConfigurationPlatforms) = preSolution
		Debug|Any CPU = Debug|Any CPU
		Release|Any CPU = Release|Any CPU
	EndGlobalSection
	GlobalSection(ProjectConfigurationPlatforms) = postSolution
		{B04566D6-7822-41F7-BA29-B5CF594E72E8}.Debug|Any CPU.ActiveCfg = Debug|Any CPU
		{B04566D6-7822-41F7-BA29-B5CF594E72E8}.Debug|Any CPU.Build.0 = Debug|Any CPU
		{B04566D6-7822-41F7-BA29-B5CF594E72E8}.Release|Any CPU.ActiveCfg = Release|Any CPU
		{B04566D6-7822-41F7-BA29-B5CF594E72E8}.Release|Any CPU.Build.0 = Release|Any CPU
		{AAA640CC-D9FA-4B95-ABDA-ACB1D503BB2F}.Debug|Any CPU.ActiveCfg = Debug|Any CPU
		{AAA640CC-D9FA-4B95-ABDA-ACB1D503BB2F}.Debug|Any CPU.Build.0 = Debug|Any CPU
		{AAA640CC-D9FA-4B95-ABDA-ACB1D503BB2F}.Release|Any CPU.ActiveCfg = Release|Any CPU
		{AAA640CC-D9FA-4B95-ABDA-ACB1D503BB2F}.Release|Any CPU.Build.0 = Release|Any CPU
	EndGlobalSection
	GlobalSection(SolutionProperties) = preSolution
		HideSolutionNode = FALSE
	EndGlobalSection
	GlobalSection(ExtensibilityGlobals) = postSolution
		SolutionGuid = {9B16E0AF-92EC-44A7-AB8B-254D928F385F}
	EndGlobalSection
EndGlobal
